
Microsoft Visual Studio Solution File, Format Version 12.00
# Visual Studio Version 17
VisualStudioVersion = 17.13.35919.96 d17.13
MinimumVisualStudioVersion = 10.0.40219.1
Project("{8BC9CEB8-8B4A-11D0-8D11-00A0C91BC942}") = "v8monolithlinktest", "v8monolithlinktest\v8monolithlinktest.vcxproj", "{623B850F-A9AE-4E63-BAA8-A67D63433243}"
EndProject
Global
	GlobalSection(SolutionConfigurationPlatforms) = preSolution
		Debug|x64 = Debug|x64
		Debug|x86 = Debug|x86
		Release|x64 = Release|x64
		Release|x86 = Release|x86
	EndGlobalSection
	GlobalSection(ProjectConfigurationPlatforms) = postSolution
		{623B850F-A9AE-4E63-BAA8-A67D63433243}.Debug|x64.ActiveCfg = Debug|x64
		{623B850F-A9AE-4E63-BAA8-A67D63433243}.Debug|x64.Build.0 = Debug|x64
		{623B850F-A9AE-4E63-BAA8-A67D63433243}.Debug|x86.ActiveCfg = Debug|Win32
		{623B850F-A9AE-4E63-BAA8-A67D63433243}.Debug|x86.Build.0 = Debug|Win32
		{623B850F-A9AE-4E63-BAA8-A67D63433243}.Release|x64.ActiveCfg = Release|x64
		{623B850F-A9AE-4E63-BAA8-A67D63433243}.Release|x64.Build.0 = Release|x64
		{623B850F-A9AE-4E63-BAA8-A67D63433243}.Release|x86.ActiveCfg = Release|Win32
		{623B850F-A9AE-4E63-BAA8-A67D63433243}.Release|x86.Build.0 = Release|Win32
	EndGlobalSection
	GlobalSection(SolutionProperties) = preSolution
		HideSolutionNode = FALSE
	EndGlobalSection
	GlobalSection(ExtensibilityGlobals) = postSolution
		SolutionGuid = {70DBB31D-6582-4E47-B8DD-5E1819E6341A}
	EndGlobalSection
EndGlobal
